
Microsoft Visual Studio Solution File, Format Version 12.00
# Visual Studio Version 16
VisualStudioVersion = 16.0.31702.278
MinimumVisualStudioVersion = 10.0.40219.1
Project("{FAE04EC0-301F-11D3-BF4B-00C04F79EFBC}") = "Tormentors.Android", "Tormentors\Tormentors.Android\Tormentors.Android.csproj", "{92092096-F130-4D48-BDE8-063218816147}"
EndProject
Project("{FAE04EC0-301F-11D3-BF4B-00C04F79EFBC}") = "Tormentors", "Tormentors\Tormentors\Tormentors.csproj", "{4D99033F-CFDC-439C-B7F9-2B2EB884DD32}"
EndProject
Global
	GlobalSection(SolutionConfigurationPlatforms) = preSolution
		Debug|Any CPU = Debug|Any CPU
		Release|Any CPU = Release|Any CPU
	EndGlobalSection
	GlobalSection(ProjectConfigurationPlatforms) = postSolution
		{92092096-F130-4D48-BDE8-063218816147}.Debug|Any CPU.ActiveCfg = Debug|Any CPU
		{92092096-F130-4D48-BDE8-063218816147}.Debug|Any CPU.Build.0 = Debug|Any CPU
		{92092096-F130-4D48-BDE8-063218816147}.Debug|Any CPU.Deploy.0 = Debug|Any CPU
		{92092096-F130-4D48-BDE8-063218816147}.Release|Any CPU.ActiveCfg = Release|Any CPU
		{92092096-F130-4D48-BDE8-063218816147}.Release|Any CPU.Build.0 = Release|Any CPU
		{92092096-F130-4D48-BDE8-063218816147}.Release|Any CPU.Deploy.0 = Release|Any CPU
		{4D99033F-CFDC-439C-B7F9-2B2EB884DD32}.Debug|Any CPU.ActiveCfg = Debug|Any CPU
		{4D99033F-CFDC-439C-B7F9-2B2EB884DD32}.Debug|Any CPU.Build.0 = Debug|Any CPU
		{4D99033F-CFDC-439C-B7F9-2B2EB884DD32}.Debug|Any CPU.Deploy.0 = Debug|Any CPU
		{4D99033F-CFDC-439C-B7F9-2B2EB884DD32}.Release|Any CPU.ActiveCfg = Release|Any CPU
		{4D99033F-CFDC-439C-B7F9-2B2EB884DD32}.Release|Any CPU.Build.0 = Release|Any CPU
		{4D99033F-CFDC-439C-B7F9-2B2EB884DD32}.Release|Any CPU.Deploy.0 = Release|Any CPU
	EndGlobalSection
	GlobalSection(SolutionProperties) = preSolution
		HideSolutionNode = FALSE
	EndGlobalSection
	GlobalSection(ExtensibilityGlobals) = postSolution
		SolutionGuid = {E0325116-F64E-4CE2-87A8-B7E785104159}
	EndGlobalSection
EndGlobal
